
Microsoft Visual Studio Solution File, Format Version 12.00
# Visual Studio 15
VisualStudioVersion = 15.0.28010.2041
MinimumVisualStudioVersion = 10.0.40219.1
Project("{9A19103F-16F7-4668-BE54-9A1E7A4F7556}") = "StructuredMapper", "StructuredMapper\StructuredMapper.csproj", "{C12A295A-7140-44B9-A591-9E47FC4984DE}"
EndProject
Project("{9A19103F-16F7-4668-BE54-9A1E7A4F7556}") = "StructuredMapper.Test", "StructuredMapper.Test\StructuredMapper.Test.csproj", "{D6DD8DC9-4D79-4B2D-9A51-E18F3F46D2CA}"
EndProject
Project("{FAE04EC0-301F-11D3-BF4B-00C04F79EFBC}") = "StructuredMapper.Test.Api", "StructuredMapper.Test.Api\StructuredMapper.Test.Api.csproj", "{D869E834-1B89-4E51-8EEF-B8F7E634B9DE}"
EndProject
Project("{FAE04EC0-301F-11D3-BF4B-00C04F79EFBC}") = "StructuredMapper.BL", "StructuredMapper.BL\StructuredMapper.BL.csproj", "{9321E3B2-636A-4EBB-9331-D549B6F4977A}"
EndProject
Project("{FAE04EC0-301F-11D3-BF4B-00C04F79EFBC}") = "StructuredMapper.Test.Performance", "StructuredMapper.Test.Performance\StructuredMapper.Test.Performance.csproj", "{B6AF4DA3-D5E8-447B-A450-FFB723681423}"
EndProject
Project("{2150E333-8FDC-42A3-9474-1A3956D46DE8}") = "SolutionItems", "SolutionItems", "{7AFC118E-E5F0-40F0-88BB-0ADD37FB6627}"
ProjectSection(SolutionItems) = preProject
	README.md = README.md
EndProjectSection
EndProject
Global
	GlobalSection(SolutionConfigurationPlatforms) = preSolution
		Debug|Any CPU = Debug|Any CPU
		Release|Any CPU = Release|Any CPU
	EndGlobalSection
	GlobalSection(ProjectConfigurationPlatforms) = postSolution
		{C12A295A-7140-44B9-A591-9E47FC4984DE}.Debug|Any CPU.ActiveCfg = Debug|Any CPU
		{C12A295A-7140-44B9-A591-9E47FC4984DE}.Debug|Any CPU.Build.0 = Debug|Any CPU
		{C12A295A-7140-44B9-A591-9E47FC4984DE}.Release|Any CPU.ActiveCfg = Release|Any CPU
		{C12A295A-7140-44B9-A591-9E47FC4984DE}.Release|Any CPU.Build.0 = Release|Any CPU
		{D6DD8DC9-4D79-4B2D-9A51-E18F3F46D2CA}.Debug|Any CPU.ActiveCfg = Debug|Any CPU
		{D6DD8DC9-4D79-4B2D-9A51-E18F3F46D2CA}.Debug|Any CPU.Build.0 = Debug|Any CPU
		{D6DD8DC9-4D79-4B2D-9A51-E18F3F46D2CA}.Release|Any CPU.ActiveCfg = Release|Any CPU
		{D6DD8DC9-4D79-4B2D-9A51-E18F3F46D2CA}.Release|Any CPU.Build.0 = Release|Any CPU
		{D869E834-1B89-4E51-8EEF-B8F7E634B9DE}.Debug|Any CPU.ActiveCfg = Debug|Any CPU
		{D869E834-1B89-4E51-8EEF-B8F7E634B9DE}.Debug|Any CPU.Build.0 = Debug|Any CPU
		{D869E834-1B89-4E51-8EEF-B8F7E634B9DE}.Release|Any CPU.ActiveCfg = Release|Any CPU
		{D869E834-1B89-4E51-8EEF-B8F7E634B9DE}.Release|Any CPU.Build.0 = Release|Any CPU
		{9321E3B2-636A-4EBB-9331-D549B6F4977A}.Debug|Any CPU.ActiveCfg = Debug|Any CPU
		{9321E3B2-636A-4EBB-9331-D549B6F4977A}.Debug|Any CPU.Build.0 = Debug|Any CPU
		{9321E3B2-636A-4EBB-9331-D549B6F4977A}.Release|Any CPU.ActiveCfg = Release|Any CPU
		{9321E3B2-636A-4EBB-9331-D549B6F4977A}.Release|Any CPU.Build.0 = Release|Any CPU
		{B6AF4DA3-D5E8-447B-A450-FFB723681423}.Debug|Any CPU.ActiveCfg = Debug|Any CPU
		{B6AF4DA3-D5E8-447B-A450-FFB723681423}.Debug|Any CPU.Build.0 = Debug|Any CPU
		{B6AF4DA3-D5E8-447B-A450-FFB723681423}.Release|Any CPU.ActiveCfg = Release|Any CPU
		{B6AF4DA3-D5E8-447B-A450-FFB723681423}.Release|Any CPU.Build.0 = Release|Any CPU
	EndGlobalSection
	GlobalSection(SolutionProperties) = preSolution
		HideSolutionNode = FALSE
	EndGlobalSection
	GlobalSection(ExtensibilityGlobals) = postSolution
		SolutionGuid = {FB681B46-A0B7-47BE-A3DD-CDFFCE65B325}
	EndGlobalSection
EndGlobal
